// !$*UTF8*$!
{
	archiveVersion = 1;
	classes = {
	};
	objectVersion = 50;
	objects = {

/* Begin PBXBuildFile section */
		B907F5B9239923780078FE27 /* Constant.swift in Sources */ = {isa = PBXBuildFile; fileRef = B907F5B8239923780078FE27 /* Constant.swift */; };
		B907F5BB239923810078FE27 /* GeneralResponse.swift in Sources */ = {isa = PBXBuildFile; fileRef = B907F5BA239923810078FE27 /* GeneralResponse.swift */; };
		B907F5BD239923910078FE27 /* NetworkTask.swift in Sources */ = {isa = PBXBuildFile; fileRef = B907F5BC239923910078FE27 /* NetworkTask.swift */; };
		B907F5BF2399239C0078FE27 /* NetworkPath.swift in Sources */ = {isa = PBXBuildFile; fileRef = B907F5BE2399239C0078FE27 /* NetworkPath.swift */; };
		B907F5C1239923A30078FE27 /* NetworkService.swift in Sources */ = {isa = PBXBuildFile; fileRef = B907F5C0239923A30078FE27 /* NetworkService.swift */; };
		B94B7D85239148D700650694 /* Core.framework in Frameworks */ = {isa = PBXBuildFile; fileRef = B94B7D7B239148D700650694 /* Core.framework */; };
		B94B7D8A239148D700650694 /* CoreTests.swift in Sources */ = {isa = PBXBuildFile; fileRef = B94B7D89239148D700650694 /* CoreTests.swift */; };
		B94B7D8C239148D700650694 /* Core.h in Headers */ = {isa = PBXBuildFile; fileRef = B94B7D7E239148D700650694 /* Core.h */; settings = {ATTRIBUTES = (Public, ); }; };
		BE3A36B1E8667220A8A0785B /* Pods_Core.framework in Frameworks */ = {isa = PBXBuildFile; fileRef = 5956A56D5BFAA9F9261FA7F9 /* Pods_Core.framework */; };
/* End PBXBuildFile section */

/* Begin PBXContainerItemProxy section */
		B94B7D86239148D700650694 /* PBXContainerItemProxy */ = {
			isa = PBXContainerItemProxy;
			containerPortal = B94B7D72239148D700650694 /* Project object */;
			proxyType = 1;
			remoteGlobalIDString = B94B7D7A239148D700650694;
			remoteInfo = Core;
		};
/* End PBXContainerItemProxy section */

/* Begin PBXFileReference section */
		13E4572343EAB1656D8543ED /* Pods-Core.debug.xcconfig */ = {isa = PBXFileReference; includeInIndex = 1; lastKnownFileType = text.xcconfig; name = "Pods-Core.debug.xcconfig"; path = "Target Support Files/Pods-Core/Pods-Core.debug.xcconfig"; sourceTree = "<group>"; };
		4AD750F9F51A073393D8C09E /* Pods-Core.release.xcconfig */ = {isa = PBXFileReference; includeInIndex = 1; lastKnownFileType = text.xcconfig; name = "Pods-Core.release.xcconfig"; path = "Target Support Files/Pods-Core/Pods-Core.release.xcconfig"; sourceTree = "<group>"; };
		5956A56D5BFAA9F9261FA7F9 /* Pods_Core.framework */ = {isa = PBXFileReference; explicitFileType = wrapper.framework; includeInIndex = 0; path = Pods_Core.framework; sourceTree = BUILT_PRODUCTS_DIR; };
		B907F5B8239923780078FE27 /* Constant.swift */ = {isa = PBXFileReference; lastKnownFileType = sourcecode.swift; path = Constant.swift; sourceTree = "<group>"; };
		B907F5BA239923810078FE27 /* GeneralResponse.swift */ = {isa = PBXFileReference; lastKnownFileType = sourcecode.swift; path = GeneralResponse.swift; sourceTree = "<group>"; };
		B907F5BC239923910078FE27 /* NetworkTask.swift */ = {isa = PBXFileReference; lastKnownFileType = sourcecode.swift; path = NetworkTask.swift; sourceTree = "<group>"; };
		B907F5BE2399239C0078FE27 /* NetworkPath.swift */ = {isa = PBXFileReference; lastKnownFileType = sourcecode.swift; path = NetworkPath.swift; sourceTree = "<group>"; };
		B907F5C0239923A30078FE27 /* NetworkService.swift */ = {isa = PBXFileReference; lastKnownFileType = sourcecode.swift; path = NetworkService.swift; sourceTree = "<group>"; };
		B94B7D7B239148D700650694 /* Core.framework */ = {isa = PBXFileReference; explicitFileType = wrapper.framework; includeInIndex = 0; path = Core.framework; sourceTree = BUILT_PRODUCTS_DIR; };
		B94B7D7E239148D700650694 /* Core.h */ = {isa = PBXFileReference; lastKnownFileType = sourcecode.c.h; path = Core.h; sourceTree = "<group>"; };
		B94B7D7F239148D700650694 /* Info.plist */ = {isa = PBXFileReference; lastKnownFileType = text.plist.xml; path = Info.plist; sourceTree = "<group>"; };
		B94B7D84239148D700650694 /* CoreTests.xctest */ = {isa = PBXFileReference; explicitFileType = wrapper.cfbundle; includeInIndex = 0; path = CoreTests.xctest; sourceTree = BUILT_PRODUCTS_DIR; };
		B94B7D89239148D700650694 /* CoreTests.swift */ = {isa = PBXFileReference; lastKnownFileType = sourcecode.swift; path = CoreTests.swift; sourceTree = "<group>"; };
		B94B7D8B239148D700650694 /* Info.plist */ = {isa = PBXFileReference; lastKnownFileType = text.plist.xml; path = Info.plist; sourceTree = "<group>"; };
/* End PBXFileReference section */

/* Begin PBXFrameworksBuildPhase section */
		B94B7D78239148D700650694 /* Frameworks */ = {
			isa = PBXFrameworksBuildPhase;
			buildActionMask = 2147483647;
			files = (
				BE3A36B1E8667220A8A0785B /* Pods_Core.framework in Frameworks */,
			);
			runOnlyForDeploymentPostprocessing = 0;
		};
		B94B7D81239148D700650694 /* Frameworks */ = {
			isa = PBXFrameworksBuildPhase;
			buildActionMask = 2147483647;
			files = (
				B94B7D85239148D700650694 /* Core.framework in Frameworks */,
			);
			runOnlyForDeploymentPostprocessing = 0;
		};
/* End PBXFrameworksBuildPhase section */

/* Begin PBXGroup section */
		48323B65EC55D40C6E4EB4D2 /* Frameworks */ = {
			isa = PBXGroup;
			children = (
				5956A56D5BFAA9F9261FA7F9 /* Pods_Core.framework */,
			);
			name = Frameworks;
			sourceTree = "<group>";
		};
		86377738EF477CD5C9C2EF0D /* Pods */ = {
			isa = PBXGroup;
			children = (
				13E4572343EAB1656D8543ED /* Pods-Core.debug.xcconfig */,
				4AD750F9F51A073393D8C09E /* Pods-Core.release.xcconfig */,
			);
			name = Pods;
			path = ../Pods;
			sourceTree = "<group>";
		};
		B907F5B6239923650078FE27 /* Network */ = {
			isa = PBXGroup;
			children = (
				B907F5BC239923910078FE27 /* NetworkTask.swift */,
				B907F5BE2399239C0078FE27 /* NetworkPath.swift */,
				B907F5C0239923A30078FE27 /* NetworkService.swift */,
			);
			path = Network;
			sourceTree = "<group>";
		};
		B907F5B72399236E0078FE27 /* Constant */ = {
			isa = PBXGroup;
			children = (
				B907F5B8239923780078FE27 /* Constant.swift */,
				B907F5BA239923810078FE27 /* GeneralResponse.swift */,
			);
			path = Constant;
			sourceTree = "<group>";
		};
		B94B7D71239148D700650694 = {
			isa = PBXGroup;
			children = (
				B94B7D7D239148D700650694 /* Core */,
				B94B7D88239148D700650694 /* CoreTests */,
				B94B7D7C239148D700650694 /* Products */,
				86377738EF477CD5C9C2EF0D /* Pods */,
				48323B65EC55D40C6E4EB4D2 /* Frameworks */,
			);
			sourceTree = "<group>";
		};
		B94B7D7C239148D700650694 /* Products */ = {
			isa = PBXGroup;
			children = (
				B94B7D7B239148D700650694 /* Core.framework */,
				B94B7D84239148D700650694 /* CoreTests.xctest */,
			);
			name = Products;
			sourceTree = "<group>";
		};
		B94B7D7D239148D700650694 /* Core */ = {
			isa = PBXGroup;
			children = (
				B907F5B72399236E0078FE27 /* Constant */,
				B907F5B6239923650078FE27 /* Network */,
				B94B7D7E239148D700650694 /* Core.h */,
				B94B7D7F239148D700650694 /* Info.plist */,
			);
			path = Core;
			sourceTree = "<group>";
		};
		B94B7D88239148D700650694 /* CoreTests */ = {
			isa = PBXGroup;
			children = (
				B94B7D89239148D700650694 /* CoreTests.swift */,
				B94B7D8B239148D700650694 /* Info.plist */,
			);
			path = CoreTests;
			sourceTree = "<group>";
		};
/* End PBXGroup section */

/* Begin PBXHeadersBuildPhase section */
		B94B7D76239148D700650694 /* Headers */ = {
			isa = PBXHeadersBuildPhase;
			buildActionMask = 2147483647;
			files = (
				B94B7D8C239148D700650694 /* Core.h in Headers */,
			);
			runOnlyForDeploymentPostprocessing = 0;
		};
/* End PBXHeadersBuildPhase section */

/* Begin PBXNativeTarget section */
		B94B7D7A239148D700650694 /* Core */ = {
			isa = PBXNativeTarget;
			buildConfigurationList = B94B7D8F239148D700650694 /* Build configuration list for PBXNativeTarget "Core" */;
			buildPhases = (
				00CC42D483462653E5F50306 /* [CP] Check Pods Manifest.lock */,
				B94B7D76239148D700650694 /* Headers */,
				B94B7D77239148D700650694 /* Sources */,
				B94B7D78239148D700650694 /* Frameworks */,
				B94B7D79239148D700650694 /* Resources */,
			);
			buildRules = (
			);
			dependencies = (
			);
			name = Core;
			productName = Core;
			productReference = B94B7D7B239148D700650694 /* Core.framework */;
			productType = "com.apple.product-type.framework";
		};
		B94B7D83239148D700650694 /* CoreTests */ = {
			isa = PBXNativeTarget;
			buildConfigurationList = B94B7D92239148D700650694 /* Build configuration list for PBXNativeTarget "CoreTests" */;
			buildPhases = (
				B94B7D80239148D700650694 /* Sources */,
				B94B7D81239148D700650694 /* Frameworks */,
				B94B7D82239148D700650694 /* Resources */,
			);
			buildRules = (
			);
			dependencies = (
				B94B7D87239148D700650694 /* PBXTargetDependency */,
			);
			name = CoreTests;
			productName = CoreTests;
			productReference = B94B7D84239148D700650694 /* CoreTests.xctest */;
			productType = "com.apple.product-type.bundle.unit-test";
		};
/* End PBXNativeTarget section */

/* Begin PBXProject section */
		B94B7D72239148D700650694 /* Project object */ = {
			isa = PBXProject;
			attributes = {
				LastSwiftUpdateCheck = 1120;
				LastUpgradeCheck = 1120;
				ORGANIZATIONNAME = "Auzan Lazuardi";
				TargetAttributes = {
					B94B7D7A239148D700650694 = {
						CreatedOnToolsVersion = 11.2.1;
						LastSwiftMigration = 1120;
					};
					B94B7D83239148D700650694 = {
						CreatedOnToolsVersion = 11.2.1;
					};
				};
			};
			buildConfigurationList = B94B7D75239148D700650694 /* Build configuration list for PBXProject "Core" */;
			compatibilityVersion = "Xcode 9.3";
			developmentRegion = en;
			hasScannedForEncodings = 0;
			knownRegions = (
				en,
				Base,
			);
			mainGroup = B94B7D71239148D700650694;
			productRefGroup = B94B7D7C239148D700650694 /* Products */;
			projectDirPath = "";
			projectRoot = "";
			targets = (
				B94B7D7A239148D700650694 /* Core */,
				B94B7D83239148D700650694 /* CoreTests */,
			);
		};
/* End PBXProject section */

/* Begin PBXResourcesBuildPhase section */
		B94B7D79239148D700650694 /* Resources */ = {
			isa = PBXResourcesBuildPhase;
			buildActionMask = 2147483647;
			files = (
			);
			runOnlyForDeploymentPostprocessing = 0;
		};
		B94B7D82239148D700650694 /* Resources */ = {
			isa = PBXResourcesBuildPhase;
			buildActionMask = 2147483647;
			files = (
			);
			runOnlyForDeploymentPostprocessing = 0;
		};
/* End PBXResourcesBuildPhase section */

/* Begin PBXShellScriptBuildPhase section */
		00CC42D483462653E5F50306 /* [CP] Check Pods Manifest.lock */ = {
			isa = PBXShellScriptBuildPhase;
			buildActionMask = 2147483647;
			files = (
			);
			inputFileListPaths = (
			);
			inputPaths = (
				"${PODS_PODFILE_DIR_PATH}/Podfile.lock",
				"${PODS_ROOT}/Manifest.lock",
			);
			name = "[CP] Check Pods Manifest.lock";
			outputFileListPaths = (
			);
			outputPaths = (
				"$(DERIVED_FILE_DIR)/Pods-Core-checkManifestLockResult.txt",
			);
			runOnlyForDeploymentPostprocessing = 0;
			shellPath = /bin/sh;
			shellScript = "diff \"${PODS_PODFILE_DIR_PATH}/Podfile.lock\" \"${PODS_ROOT}/Manifest.lock\" > /dev/null\nif [ $? != 0 ] ; then\n    # print error to STDERR\n    echo \"error: The sandbox is not in sync with the Podfile.lock. Run 'pod install' or update your CocoaPods installation.\" >&2\n    exit 1\nfi\n# This output is used by Xcode 'outputs' to avoid re-running this script phase.\necho \"SUCCESS\" > \"${SCRIPT_OUTPUT_FILE_0}\"\n";
			showEnvVarsInLog = 0;
		};
/* End PBXShellScriptBuildPhase section */

/* Begin PBXSourcesBuildPhase section */
		B94B7D77239148D700650694 /* Sources */ = {
			isa = PBXSourcesBuildPhase;
			buildActionMask = 2147483647;
			files = (
				B907F5C1239923A30078FE27 /* NetworkService.swift in Sources */,
				B907F5B9239923780078FE27 /* Constant.swift in Sources */,
				B907F5BD239923910078FE27 /* NetworkTask.swift in Sources */,
				B907F5BB239923810078FE27 /* GeneralResponse.swift in Sources */,
				B907F5BF2399239C0078FE27 /* NetworkPath.swift in Sources */,
			);
			runOnlyForDeploymentPostprocessing = 0;
		};
		B94B7D80239148D700650694 /* Sources */ = {
			isa = PBXSourcesBuildPhase;
			buildActionMask = 2147483647;
			files = (
				B94B7D8A239148D700650694 /* CoreTests.swift in Sources */,
			);
			runOnlyForDeploymentPostprocessing = 0;
		};
/* End PBXSourcesBuildPhase section */

/* Begin PBXTargetDependency section */
		B94B7D87239148D700650694 /* PBXTargetDependency */ = {
			isa = PBXTargetDependency;
			target = B94B7D7A239148D700650694 /* Core */;
			targetProxy = B94B7D86239148D700650694 /* PBXContainerItemProxy */;
		};
/* End PBXTargetDependency section */

/* Begin XCBuildConfiguration section */
		B94B7D8D239148D700650694 /* Debug */ = {
			isa = XCBuildConfiguration;
			buildSettings = {
				ALWAYS_SEARCH_USER_PATHS = NO;
				CLANG_ANALYZER_NONNULL = YES;
				CLANG_ANALYZER_NUMBER_OBJECT_CONVERSION = YES_AGGRESSIVE;
				CLANG_CXX_LANGUAGE_STANDARD = "gnu++14";
				CLANG_CXX_LIBRARY = "libc++";
				CLANG_ENABLE_MODULES = YES;
				CLANG_ENABLE_OBJC_ARC = YES;
				CLANG_ENABLE_OBJC_WEAK = YES;
				CLANG_WARN_BLOCK_CAPTURE_AUTORELEASING = YES;
				CLANG_WARN_BOOL_CONVERSION = YES;
				CLANG_WARN_COMMA = YES;
				CLANG_WARN_CONSTANT_CONVERSION = YES;
				CLANG_WARN_DEPRECATED_OBJC_IMPLEMENTATIONS = YES;
				CLANG_WARN_DIRECT_OBJC_ISA_USAGE = YES_ERROR;
				CLANG_WARN_DOCUMENTATION_COMMENTS = YES;
				CLANG_WARN_EMPTY_BODY = YES;
				CLANG_WARN_ENUM_CONVERSION = YES;
				CLANG_WARN_INFINITE_RECURSION = YES;
				CLANG_WARN_INT_CONVERSION = YES;
				CLANG_WARN_NON_LITERAL_NULL_CONVERSION = YES;
				CLANG_WARN_OBJC_IMPLICIT_RETAIN_SELF = YES;
				CLANG_WARN_OBJC_LITERAL_CONVERSION = YES;
				CLANG_WARN_OBJC_ROOT_CLASS = YES_ERROR;
				CLANG_WARN_RANGE_LOOP_ANALYSIS = YES;
				CLANG_WARN_STRICT_PROTOTYPES = YES;
				CLANG_WARN_SUSPICIOUS_MOVE = YES;
				CLANG_WARN_UNGUARDED_AVAILABILITY = YES_AGGRESSIVE;
				CLANG_WARN_UNREACHABLE_CODE = YES;
				CLANG_WARN__DUPLICATE_METHOD_MATCH = YES;
				COPY_PHASE_STRIP = NO;
				CURRENT_PROJECT_VERSION = 1;
				DEBUG_INFORMATION_FORMAT = dwarf;
				ENABLE_STRICT_OBJC_MSGSEND = YES;
				ENABLE_TESTABILITY = YES;
				GCC_C_LANGUAGE_STANDARD = gnu11;
				GCC_DYNAMIC_NO_PIC = NO;
				GCC_NO_COMMON_BLOCKS = YES;
				GCC_OPTIMIZATION_LEVEL = 0;
				GCC_PREPROCESSOR_DEFINITIONS = (
					"DEBUG=1",
					"$(inherited)",
				);
				GCC_WARN_64_TO_32_BIT_CONVERSION = YES;
				GCC_WARN_ABOUT_RETURN_TYPE = YES_ERROR;
				GCC_WARN_UNDECLARED_SELECTOR = YES;
				GCC_WARN_UNINITIALIZED_AUTOS = YES_AGGRESSIVE;
				GCC_WARN_UNUSED_FUNCTION = YES;
				GCC_WARN_UNUSED_VARIABLE = YES;
				IPHONEOS_DEPLOYMENT_TARGET = 13.2;
				MTL_ENABLE_DEBUG_INFO = INCLUDE_SOURCE;
				MTL_FAST_MATH = YES;
				ONLY_ACTIVE_ARCH = YES;
				SDKROOT = iphoneos;
				SWIFT_ACTIVE_COMPILATION_CONDITIONS = DEBUG;
				SWIFT_OPTIMIZATION_LEVEL = "-Onone";
				VERSIONING_SYSTEM = "apple-generic";
				VERSION_INFO_PREFIX = "";
			};
			name = Debug;
		};
		B94B7D8E239148D700650694 /* Release */ = {
			isa = XCBuildConfiguration;
			buildSettings = {
				ALWAYS_SEARCH_USER_PATHS = NO;
				CLANG_ANALYZER_NONNULL = YES;
				CLANG_ANALYZER_NUMBER_OBJECT_CONVERSION = YES_AGGRESSIVE;
				CLANG_CXX_LANGUAGE_STANDARD = "gnu++14";
				CLANG_CXX_LIBRARY = "libc++";
				CLANG_ENABLE_MODULES = YES;
				CLANG_ENABLE_OBJC_ARC = YES;
				CLANG_ENABLE_OBJC_WEAK = YES;
				CLANG_WARN_BLOCK_CAPTURE_AUTORELEASING = YES;
				CLANG_WARN_BOOL_CONVERSION = YES;
				CLANG_WARN_COMMA = YES;
				CLANG_WARN_CONSTANT_CONVERSION = YES;
				CLANG_WARN_DEPRECATED_OBJC_IMPLEMENTATIONS = YES;
				CLANG_WARN_DIRECT_OBJC_ISA_USAGE = YES_ERROR;
				CLANG_WARN_DOCUMENTATION_COMMENTS = YES;
				CLANG_WARN_EMPTY_BODY = YES;
				CLANG_WARN_ENUM_CONVERSION = YES;
				CLANG_WARN_INFINITE_RECURSION = YES;
				CLANG_WARN_INT_CONVERSION = YES;
				CLANG_WARN_NON_LITERAL_NULL_CONVERSION = YES;
				CLANG_WARN_OBJC_IMPLICIT_RETAIN_SELF = YES;
				CLANG_WARN_OBJC_LITERAL_CONVERSION = YES;
				CLANG_WARN_OBJC_ROOT_CLASS = YES_ERROR;
				CLANG_WARN_RANGE_LOOP_ANALYSIS = YES;
				CLANG_WARN_STRICT_PROTOTYPES = YES;
				CLANG_WARN_SUSPICIOUS_MOVE = YES;
				CLANG_WARN_UNGUARDED_AVAILABILITY = YES_AGGRESSIVE;
				CLANG_WARN_UNREACHABLE_CODE = YES;
				CLANG_WARN__DUPLICATE_METHOD_MATCH = YES;
				COPY_PHASE_STRIP = NO;
				CURRENT_PROJECT_VERSION = 1;
				DEBUG_INFORMATION_FORMAT = "dwarf-with-dsym";
				ENABLE_NS_ASSERTIONS = NO;
				ENABLE_STRICT_OBJC_MSGSEND = YES;
				GCC_C_LANGUAGE_STANDARD = gnu11;
				GCC_NO_COMMON_BLOCKS = YES;
				GCC_WARN_64_TO_32_BIT_CONVERSION = YES;
				GCC_WARN_ABOUT_RETURN_TYPE = YES_ERROR;
				GCC_WARN_UNDECLARED_SELECTOR = YES;
				GCC_WARN_UNINITIALIZED_AUTOS = YES_AGGRESSIVE;
				GCC_WARN_UNUSED_FUNCTION = YES;
				GCC_WARN_UNUSED_VARIABLE = YES;
				IPHONEOS_DEPLOYMENT_TARGET = 13.2;
				MTL_ENABLE_DEBUG_INFO = NO;
				MTL_FAST_MATH = YES;
				SDKROOT = iphoneos;
				SWIFT_COMPILATION_MODE = wholemodule;
				SWIFT_OPTIMIZATION_LEVEL = "-O";
				VALIDATE_PRODUCT = YES;
				VERSIONING_SYSTEM = "apple-generic";
				VERSION_INFO_PREFIX = "";
			};
			name = Release;
		};
		B94B7D90239148D700650694 /* Debug */ = {
			isa = XCBuildConfiguration;
			baseConfigurationReference = 13E4572343EAB1656D8543ED /* Pods-Core.debug.xcconfig */;
			buildSettings = {
				CLANG_ENABLE_MODULES = YES;
				CODE_SIGN_STYLE = Automatic;
				DEFINES_MODULE = YES;
				DEVELOPMENT_TEAM = HKYT4S57X4;
				DYLIB_COMPATIBILITY_VERSION = 1;
				DYLIB_CURRENT_VERSION = 1;
				DYLIB_INSTALL_NAME_BASE = "@rpath";
				INFOPLIST_FILE = Core/Info.plist;
				INSTALL_PATH = "$(LOCAL_LIBRARY_DIR)/Frameworks";
				LD_RUNPATH_SEARCH_PATHS = (
					"$(inherited)",
					"@executable_path/Frameworks",
					"@loader_path/Frameworks",
				);
				PRODUCT_BUNDLE_IDENTIFIER = com.popala.Core;
				PRODUCT_NAME = "$(TARGET_NAME:c99extidentifier)";
				SKIP_INSTALL = YES;
				SWIFT_OPTIMIZATION_LEVEL = "-Onone";
				SWIFT_VERSION = 5.0;
				TARGETED_DEVICE_FAMILY = "1,2";
			};
			name = Debug;
		};
		B94B7D91239148D700650694 /* Release */ = {
			isa = XCBuildConfiguration;
			baseConfigurationReference = 4AD750F9F51A073393D8C09E /* Pods-Core.release.xcconfig */;
			buildSettings = {
				CLANG_ENABLE_MODULES = YES;
				CODE_SIGN_STYLE = Automatic;
				DEFINES_MODULE = YES;
				DEVELOPMENT_TEAM = HKYT4S57X4;
				DYLIB_COMPATIBILITY_VERSION = 1;
				DYLIB_CURRENT_VERSION = 1;
				DYLIB_INSTALL_NAME_BASE = "@rpath";
				INFOPLIST_FILE = Core/Info.plist;
				INSTALL_PATH = "$(LOCAL_LIBRARY_DIR)/Frameworks";
				LD_RUNPATH_SEARCH_PATHS = (
					"$(inherited)",
					"@executable_path/Frameworks",
					"@loader_path/Frameworks",
				);
				PRODUCT_BUNDLE_IDENTIFIER = com.popala.Core;
				PRODUCT_NAME = "$(TARGET_NAME:c99extidentifier)";
				SKIP_INSTALL = YES;
				SWIFT_VERSION = 5.0;
				TARGETED_DEVICE_FAMILY = "1,2";
			};
			name = Release;
		};
		B94B7D93239148D700650694 /* Debug */ = {
			isa = XCBuildConfiguration;
			buildSettings = {
				ALWAYS_EMBED_SWIFT_STANDARD_LIBRARIES = YES;
				CODE_SIGN_STYLE = Automatic;
				DEVELOPMENT_TEAM = HKYT4S57X4;
				INFOPLIST_FILE = CoreTests/Info.plist;
				LD_RUNPATH_SEARCH_PATHS = (
					"$(inherited)",
					"@executable_path/Frameworks",
					"@loader_path/Frameworks",
				);
				PRODUCT_BUNDLE_IDENTIFIER = com.popala.CoreTests;
				PRODUCT_NAME = "$(TARGET_NAME)";
				SWIFT_VERSION = 5.0;
				TARGETED_DEVICE_FAMILY = "1,2";
			};
			name = Debug;
		};
		B94B7D94239148D700650694 /* Release */ = {
			isa = XCBuildConfiguration;
			buildSettings = {
				ALWAYS_EMBED_SWIFT_STANDARD_LIBRARIES = YES;
				CODE_SIGN_STYLE = Automatic;
				DEVELOPMENT_TEAM = HKYT4S57X4;
				INFOPLIST_FILE = CoreTests/Info.plist;
				LD_RUNPATH_SEARCH_PATHS = (
					"$(inherited)",
					"@executable_path/Frameworks",
					"@loader_path/Frameworks",
				);
				PRODUCT_BUNDLE_IDENTIFIER = com.popala.CoreTests;
				PRODUCT_NAME = "$(TARGET_NAME)";
				SWIFT_VERSION = 5.0;
				TARGETED_DEVICE_FAMILY = "1,2";
			};
			name = Release;
		};
/* End XCBuildConfiguration section */

/* Begin XCConfigurationList section */
		B94B7D75239148D700650694 /* Build configuration list for PBXProject "Core" */ = {
			isa = XCConfigurationList;
			buildConfigurations = (
				B94B7D8D239148D700650694 /* Debug */,
				B94B7D8E239148D700650694 /* Release */,
			);
			defaultConfigurationIsVisible = 0;
			defaultConfigurationName = Release;
		};
		B94B7D8F239148D700650694 /* Build configuration list for PBXNativeTarget "Core" */ = {
			isa = XCConfigurationList;
			buildConfigurations = (
				B94B7D90239148D700650694 /* Debug */,
				B94B7D91239148D700650694 /* Release */,
			);
			defaultConfigurationIsVisible = 0;
			defaultConfigurationName = Release;
		};
		B94B7D92239148D700650694 /* Build configuration list for PBXNativeTarget "CoreTests" */ = {
			isa = XCConfigurationList;
			buildConfigurations = (
				B94B7D93239148D700650694 /* Debug */,
				B94B7D94239148D700650694 /* Release */,
			);
			defaultConfigurationIsVisible = 0;
			defaultConfigurationName = Release;
		};
/* End XCConfigurationList section */
	};
	rootObject = B94B7D72239148D700650694 /* Project object */;
}
